
Microsoft Visual Studio Solution File, Format Version 12.00
# Visual Studio Version 17
VisualStudioVersion = 17.14.35906.104 d17.14
MinimumVisualStudioVersion = 10.0.40219.1
Project("{FAE04EC0-301F-11D3-BF4B-00C04F79EFBC}") = "CodingWiki_Web", "CodingWiki_Web\CodingWiki_Web.csproj", "{C228870D-9EB6-47B1-BC39-482CBF5B3129}"
EndProject
Global
	GlobalSection(SolutionConfigurationPlatforms) = preSolution
		Debug|Any CPU = Debug|Any CPU
		Release|Any CPU = Release|Any CPU
	EndGlobalSection
	GlobalSection(ProjectConfigurationPlatforms) = postSolution
		{C228870D-9EB6-47B1-BC39-482CBF5B3129}.Debug|Any CPU.ActiveCfg = Debug|Any CPU
		{C228870D-9EB6-47B1-BC39-482CBF5B3129}.Debug|Any CPU.Build.0 = Debug|Any CPU
		{C228870D-9EB6-47B1-BC39-482CBF5B3129}.Release|Any CPU.ActiveCfg = Release|Any CPU
		{C228870D-9EB6-47B1-BC39-482CBF5B3129}.Release|Any CPU.Build.0 = Release|Any CPU
	EndGlobalSection
	GlobalSection(SolutionProperties) = preSolution
		HideSolutionNode = FALSE
	EndGlobalSection
	GlobalSection(ExtensibilityGlobals) = postSolution
		SolutionGuid = {65052C2B-1241-4D51-A1EB-174FF400EFED}
	EndGlobalSection
EndGlobal
